
Microsoft Visual Studio Solution File, Format Version 12.00
# Visual Studio 15
VisualStudioVersion = 15.0.27703.2035
MinimumVisualStudioVersion = 10.0.40219.1
Project("{FAE04EC0-301F-11D3-BF4B-00C04F79EFBC}") = "LoginForm", "LoginForm\LoginForm.csproj", "{8530C81D-1A09-46CF-A2DA-85F016DB0DAD}"
EndProject
Global
	GlobalSection(SolutionConfigurationPlatforms) = preSolution
		Debug|Any CPU = Debug|Any CPU
		Release|Any CPU = Release|Any CPU
	EndGlobalSection
	GlobalSection(ProjectConfigurationPlatforms) = postSolution
		{8530C81D-1A09-46CF-A2DA-85F016DB0DAD}.Debug|Any CPU.ActiveCfg = Debug|Any CPU
		{8530C81D-1A09-46CF-A2DA-85F016DB0DAD}.Debug|Any CPU.Build.0 = Debug|Any CPU
		{8530C81D-1A09-46CF-A2DA-85F016DB0DAD}.Release|Any CPU.ActiveCfg = Release|Any CPU
		{8530C81D-1A09-46CF-A2DA-85F016DB0DAD}.Release|Any CPU.Build.0 = Release|Any CPU
	EndGlobalSection
	GlobalSection(SolutionProperties) = preSolution
		HideSolutionNode = FALSE
	EndGlobalSection
	GlobalSection(ExtensibilityGlobals) = postSolution
		SolutionGuid = {60E11715-9C80-4851-BB04-316EB892D03E}
	EndGlobalSection
EndGlobal
