
Microsoft Visual Studio Solution File, Format Version 12.00
# Visual Studio 15
VisualStudioVersion = 15.0.27703.2035
MinimumVisualStudioVersion = 10.0.40219.1
Project("{FAE04EC0-301F-11D3-BF4B-00C04F79EFBC}") = "WebAPIProject", "WebAPIProject\WebAPIProject.csproj", "{C3912651-9209-4477-889D-8D05E722A4E7}"
EndProject
Global
	GlobalSection(SolutionConfigurationPlatforms) = preSolution
		Debug|Any CPU = Debug|Any CPU
		Release|Any CPU = Release|Any CPU
	EndGlobalSection
	GlobalSection(ProjectConfigurationPlatforms) = postSolution
		{C3912651-9209-4477-889D-8D05E722A4E7}.Debug|Any CPU.ActiveCfg = Debug|Any CPU
		{C3912651-9209-4477-889D-8D05E722A4E7}.Debug|Any CPU.Build.0 = Debug|Any CPU
		{C3912651-9209-4477-889D-8D05E722A4E7}.Release|Any CPU.ActiveCfg = Release|Any CPU
		{C3912651-9209-4477-889D-8D05E722A4E7}.Release|Any CPU.Build.0 = Release|Any CPU
	EndGlobalSection
	GlobalSection(SolutionProperties) = preSolution
		HideSolutionNode = FALSE
	EndGlobalSection
	GlobalSection(ExtensibilityGlobals) = postSolution
		SolutionGuid = {766A5C98-08C8-4A6B-BCE2-2E1EA60B3B03}
	EndGlobalSection
EndGlobal
