
Microsoft Visual Studio Solution File, Format Version 12.00
# Visual Studio 15
VisualStudioVersion = 15.0.28010.0
MinimumVisualStudioVersion = 10.0.40219.1
Project("{A07B5EB6-E848-4116-A8D0-A826331D98C6}") = "MyApplication", "MyApplication\MyApplication.sfproj", "{CADBC20B-D92F-408B-A188-16ED20C294A5}"
EndProject
Project("{FAE04EC0-301F-11D3-BF4B-00C04F79EFBC}") = "HelloWorld", "HelloWorld\HelloWorld.csproj", "{62A64F8C-7359-4230-81A5-6746242BEFBE}"
EndProject
Project("{FAE04EC0-301F-11D3-BF4B-00C04F79EFBC}") = "HelloWorld.Interfaces", "HelloWorld.Interfaces\HelloWorld.Interfaces.csproj", "{329E66D7-CB71-43C7-AD02-992F3605EF12}"
EndProject
Project("{FAE04EC0-301F-11D3-BF4B-00C04F79EFBC}") = "ActorClient", "ActorClient\ActorClient.csproj", "{33F3D64E-B8F9-4CCF-A68D-4D2B6A650EF0}"
EndProject
Global
	GlobalSection(SolutionConfigurationPlatforms) = preSolution
		Debug|Any CPU = Debug|Any CPU
		Debug|x64 = Debug|x64
		Release|Any CPU = Release|Any CPU
		Release|x64 = Release|x64
	EndGlobalSection
	GlobalSection(ProjectConfigurationPlatforms) = postSolution
		{CADBC20B-D92F-408B-A188-16ED20C294A5}.Debug|Any CPU.ActiveCfg = Debug|x64
		{CADBC20B-D92F-408B-A188-16ED20C294A5}.Debug|x64.ActiveCfg = Debug|x64
		{CADBC20B-D92F-408B-A188-16ED20C294A5}.Debug|x64.Build.0 = Debug|x64
		{CADBC20B-D92F-408B-A188-16ED20C294A5}.Debug|x64.Deploy.0 = Debug|x64
		{CADBC20B-D92F-408B-A188-16ED20C294A5}.Release|Any CPU.ActiveCfg = Release|x64
		{CADBC20B-D92F-408B-A188-16ED20C294A5}.Release|x64.ActiveCfg = Release|x64
		{CADBC20B-D92F-408B-A188-16ED20C294A5}.Release|x64.Build.0 = Release|x64
		{CADBC20B-D92F-408B-A188-16ED20C294A5}.Release|x64.Deploy.0 = Release|x64
		{62A64F8C-7359-4230-81A5-6746242BEFBE}.Debug|Any CPU.ActiveCfg = Debug|Any CPU
		{62A64F8C-7359-4230-81A5-6746242BEFBE}.Debug|Any CPU.Build.0 = Debug|Any CPU
		{62A64F8C-7359-4230-81A5-6746242BEFBE}.Debug|x64.ActiveCfg = Debug|Any CPU
		{62A64F8C-7359-4230-81A5-6746242BEFBE}.Debug|x64.Build.0 = Debug|Any CPU
		{62A64F8C-7359-4230-81A5-6746242BEFBE}.Release|Any CPU.ActiveCfg = Release|Any CPU
		{62A64F8C-7359-4230-81A5-6746242BEFBE}.Release|Any CPU.Build.0 = Release|Any CPU
		{62A64F8C-7359-4230-81A5-6746242BEFBE}.Release|x64.ActiveCfg = Release|Any CPU
		{62A64F8C-7359-4230-81A5-6746242BEFBE}.Release|x64.Build.0 = Release|Any CPU
		{329E66D7-CB71-43C7-AD02-992F3605EF12}.Debug|Any CPU.ActiveCfg = Debug|Any CPU
		{329E66D7-CB71-43C7-AD02-992F3605EF12}.Debug|Any CPU.Build.0 = Debug|Any CPU
		{329E66D7-CB71-43C7-AD02-992F3605EF12}.Debug|x64.ActiveCfg = Debug|Any CPU
		{329E66D7-CB71-43C7-AD02-992F3605EF12}.Debug|x64.Build.0 = Debug|Any CPU
		{329E66D7-CB71-43C7-AD02-992F3605EF12}.Release|Any CPU.ActiveCfg = Release|Any CPU
		{329E66D7-CB71-43C7-AD02-992F3605EF12}.Release|Any CPU.Build.0 = Release|Any CPU
		{329E66D7-CB71-43C7-AD02-992F3605EF12}.Release|x64.ActiveCfg = Release|Any CPU
		{329E66D7-CB71-43C7-AD02-992F3605EF12}.Release|x64.Build.0 = Release|Any CPU
		{33F3D64E-B8F9-4CCF-A68D-4D2B6A650EF0}.Debug|Any CPU.ActiveCfg = Debug|Any CPU
		{33F3D64E-B8F9-4CCF-A68D-4D2B6A650EF0}.Debug|Any CPU.Build.0 = Debug|Any CPU
		{33F3D64E-B8F9-4CCF-A68D-4D2B6A650EF0}.Debug|x64.ActiveCfg = Debug|Any CPU
		{33F3D64E-B8F9-4CCF-A68D-4D2B6A650EF0}.Debug|x64.Build.0 = Debug|Any CPU
		{33F3D64E-B8F9-4CCF-A68D-4D2B6A650EF0}.Release|Any CPU.ActiveCfg = Release|Any CPU
		{33F3D64E-B8F9-4CCF-A68D-4D2B6A650EF0}.Release|Any CPU.Build.0 = Release|Any CPU
		{33F3D64E-B8F9-4CCF-A68D-4D2B6A650EF0}.Release|x64.ActiveCfg = Release|Any CPU
		{33F3D64E-B8F9-4CCF-A68D-4D2B6A650EF0}.Release|x64.Build.0 = Release|Any CPU
	EndGlobalSection
	GlobalSection(SolutionProperties) = preSolution
		HideSolutionNode = FALSE
	EndGlobalSection
	GlobalSection(ExtensibilityGlobals) = postSolution
		SolutionGuid = {5FF23D4E-C4EC-4A4A-A5D5-827C4D43049C}
	EndGlobalSection
EndGlobal
