
Microsoft Visual Studio Solution File, Format Version 12.00
# Visual Studio 15
VisualStudioVersion = 15.0.27703.2035
MinimumVisualStudioVersion = 10.0.40219.1
Project("{FAE04EC0-301F-11D3-BF4B-00C04F79EFBC}") = "Project1", "Project1\Project1.csproj", "{13FE7166-F5D8-4BC9-8446-56402DDC868A}"
EndProject
Global
	GlobalSection(SolutionConfigurationPlatforms) = preSolution
		Debug|Any CPU = Debug|Any CPU
		Release|Any CPU = Release|Any CPU
	EndGlobalSection
	GlobalSection(ProjectConfigurationPlatforms) = postSolution
		{13FE7166-F5D8-4BC9-8446-56402DDC868A}.Debug|Any CPU.ActiveCfg = Debug|Any CPU
		{13FE7166-F5D8-4BC9-8446-56402DDC868A}.Debug|Any CPU.Build.0 = Debug|Any CPU
		{13FE7166-F5D8-4BC9-8446-56402DDC868A}.Release|Any CPU.ActiveCfg = Release|Any CPU
		{13FE7166-F5D8-4BC9-8446-56402DDC868A}.Release|Any CPU.Build.0 = Release|Any CPU
	EndGlobalSection
	GlobalSection(SolutionProperties) = preSolution
		HideSolutionNode = FALSE
	EndGlobalSection
	GlobalSection(ExtensibilityGlobals) = postSolution
		SolutionGuid = {97B1FDE9-CCC2-4557-8038-4CBE6F85F8FF}
	EndGlobalSection
EndGlobal
